
Microsoft Visual Studio Solution File, Format Version 12.00
# Visual Studio Version 17
VisualStudioVersion = 17.5.33627.172
MinimumVisualStudioVersion = 10.0.40219.1
Project("{9A19103F-16F7-4668-BE54-9A1E7A4F7556}") = "OdeyTech.WPF.Example.Hospital", "OdeyTech.WPF.Example.Hospital\OdeyTech.WPF.Example.Hospital.csproj", "{922BF60F-C8C7-49E3-9252-E05019C38018}"
EndProject
Global
	GlobalSection(SolutionConfigurationPlatforms) = preSolution
		Debug|Any CPU = Debug|Any CPU
		Release|Any CPU = Release|Any CPU
	EndGlobalSection
	GlobalSection(ProjectConfigurationPlatforms) = postSolution
		{922BF60F-C8C7-49E3-9252-E05019C38018}.Debug|Any CPU.ActiveCfg = Debug|Any CPU
		{922BF60F-C8C7-49E3-9252-E05019C38018}.Debug|Any CPU.Build.0 = Debug|Any CPU
		{922BF60F-C8C7-49E3-9252-E05019C38018}.Release|Any CPU.ActiveCfg = Release|Any CPU
		{922BF60F-C8C7-49E3-9252-E05019C38018}.Release|Any CPU.Build.0 = Release|Any CPU
	EndGlobalSection
	GlobalSection(SolutionProperties) = preSolution
		HideSolutionNode = FALSE
	EndGlobalSection
	GlobalSection(ExtensibilityGlobals) = postSolution
		SolutionGuid = {F2EA8738-A794-4C7D-8EAE-79E5DDFC46DD}
	EndGlobalSection
EndGlobal
